// !$*UTF8*$!
{
	archiveVersion = 1;
	classes = {
	};
	objectVersion = 56;
	objects = {

/* Begin PBXBuildFile section */
		5AF4D2912D082ECA001A753E /* AppDelegate.swift in Sources */ = {isa = PBXBuildFile; fileRef = 5AF4D2902D082ECA001A753E /* AppDelegate.swift */; };
		5AF4D2932D082ECA001A753E /* SceneDelegate.swift in Sources */ = {isa = PBXBuildFile; fileRef = 5AF4D2922D082ECA001A753E /* SceneDelegate.swift */; };
		5AF4D2952D082ECA001A753E /* ViewController.swift in Sources */ = {isa = PBXBuildFile; fileRef = 5AF4D2942D082ECA001A753E /* ViewController.swift */; };
		5AF4D2982D082ECA001A753E /* Base in Resources */ = {isa = PBXBuildFile; fileRef = 5AF4D2972D082ECA001A753E /* Base */; };
		5AF4D29A2D082ECB001A753E /* Assets.xcassets in Resources */ = {isa = PBXBuildFile; fileRef = 5AF4D2992D082ECB001A753E /* Assets.xcassets */; };
		5AF4D29D2D082ECB001A753E /* Base in Resources */ = {isa = PBXBuildFile; fileRef = 5AF4D29C2D082ECB001A753E /* Base */; };
		5AF4D2A82D082ECC001A753E /* gpsTests.swift in Sources */ = {isa = PBXBuildFile; fileRef = 5AF4D2A72D082ECC001A753E /* gpsTests.swift */; };
		5AF4D2B22D082ECC001A753E /* gpsUITests.swift in Sources */ = {isa = PBXBuildFile; fileRef = 5AF4D2B12D082ECC001A753E /* gpsUITests.swift */; };
		5AF4D2B42D082ECC001A753E /* gpsUITestsLaunchTests.swift in Sources */ = {isa = PBXBuildFile; fileRef = 5AF4D2B32D082ECC001A753E /* gpsUITestsLaunchTests.swift */; };
		5AF4D2C12D083224001A753E /* dataTools.swift in Sources */ = {isa = PBXBuildFile; fileRef = 5AF4D2C02D083224001A753E /* dataTools.swift */; };
		5AF4D2C32D08405D001A753E /* LightningImpact.swift in Sources */ = {isa = PBXBuildFile; fileRef = 5AF4D2C22D08405D001A753E /* LightningImpact.swift */; };
/* End PBXBuildFile section */

/* Begin PBXContainerItemProxy section */
		5AF4D2A42D082ECC001A753E /* PBXContainerItemProxy */ = {
			isa = PBXContainerItemProxy;
			containerPortal = 5AF4D2852D082ECA001A753E /* Project object */;
			proxyType = 1;
			remoteGlobalIDString = 5AF4D28C2D082ECA001A753E;
			remoteInfo = gps;
		};
		5AF4D2AE2D082ECC001A753E /* PBXContainerItemProxy */ = {
			isa = PBXContainerItemProxy;
			containerPortal = 5AF4D2852D082ECA001A753E /* Project object */;
			proxyType = 1;
			remoteGlobalIDString = 5AF4D28C2D082ECA001A753E;
			remoteInfo = gps;
		};
/* End PBXContainerItemProxy section */

/* Begin PBXFileReference section */
		5AF4D28D2D082ECA001A753E /* gps.app */ = {isa = PBXFileReference; explicitFileType = wrapper.application; includeInIndex = 0; path = gps.app; sourceTree = BUILT_PRODUCTS_DIR; };
		5AF4D2902D082ECA001A753E /* AppDelegate.swift */ = {isa = PBXFileReference; lastKnownFileType = sourcecode.swift; path = AppDelegate.swift; sourceTree = "<group>"; };
		5AF4D2922D082ECA001A753E /* SceneDelegate.swift */ = {isa = PBXFileReference; lastKnownFileType = sourcecode.swift; path = SceneDelegate.swift; sourceTree = "<group>"; };
		5AF4D2942D082ECA001A753E /* ViewController.swift */ = {isa = PBXFileReference; lastKnownFileType = sourcecode.swift; path = ViewController.swift; sourceTree = "<group>"; };
		5AF4D2972D082ECA001A753E /* Base */ = {isa = PBXFileReference; lastKnownFileType = file.storyboard; name = Base; path = Base.lproj/Main.storyboard; sourceTree = "<group>"; };
		5AF4D2992D082ECB001A753E /* Assets.xcassets */ = {isa = PBXFileReference; lastKnownFileType = folder.assetcatalog; path = Assets.xcassets; sourceTree = "<group>"; };
		5AF4D29C2D082ECB001A753E /* Base */ = {isa = PBXFileReference; lastKnownFileType = file.storyboard; name = Base; path = Base.lproj/LaunchScreen.storyboard; sourceTree = "<group>"; };
		5AF4D29E2D082ECB001A753E /* Info.plist */ = {isa = PBXFileReference; lastKnownFileType = text.plist.xml; path = Info.plist; sourceTree = "<group>"; };
		5AF4D2A32D082ECC001A753E /* gpsTests.xctest */ = {isa = PBXFileReference; explicitFileType = wrapper.cfbundle; includeInIndex = 0; path = gpsTests.xctest; sourceTree = BUILT_PRODUCTS_DIR; };
		5AF4D2A72D082ECC001A753E /* gpsTests.swift */ = {isa = PBXFileReference; lastKnownFileType = sourcecode.swift; path = gpsTests.swift; sourceTree = "<group>"; };
		5AF4D2AD2D082ECC001A753E /* gpsUITests.xctest */ = {isa = PBXFileReference; explicitFileType = wrapper.cfbundle; includeInIndex = 0; path = gpsUITests.xctest; sourceTree = BUILT_PRODUCTS_DIR; };
		5AF4D2B12D082ECC001A753E /* gpsUITests.swift */ = {isa = PBXFileReference; lastKnownFileType = sourcecode.swift; path = gpsUITests.swift; sourceTree = "<group>"; };
		5AF4D2B32D082ECC001A753E /* gpsUITestsLaunchTests.swift */ = {isa = PBXFileReference; lastKnownFileType = sourcecode.swift; path = gpsUITestsLaunchTests.swift; sourceTree = "<group>"; };
		5AF4D2C02D083224001A753E /* dataTools.swift */ = {isa = PBXFileReference; lastKnownFileType = sourcecode.swift; path = dataTools.swift; sourceTree = "<group>"; };
		5AF4D2C22D08405D001A753E /* LightningImpact.swift */ = {isa = PBXFileReference; lastKnownFileType = sourcecode.swift; path = LightningImpact.swift; sourceTree = "<group>"; };
/* End PBXFileReference section */

/* Begin PBXFrameworksBuildPhase section */
		5AF4D28A2D082ECA001A753E /* Frameworks */ = {
			isa = PBXFrameworksBuildPhase;
			buildActionMask = 2147483647;
			files = (
			);
			runOnlyForDeploymentPostprocessing = 0;
		};
		5AF4D2A02D082ECC001A753E /* Frameworks */ = {
			isa = PBXFrameworksBuildPhase;
			buildActionMask = 2147483647;
			files = (
			);
			runOnlyForDeploymentPostprocessing = 0;
		};
		5AF4D2AA2D082ECC001A753E /* Frameworks */ = {
			isa = PBXFrameworksBuildPhase;
			buildActionMask = 2147483647;
			files = (
			);
			runOnlyForDeploymentPostprocessing = 0;
		};
/* End PBXFrameworksBuildPhase section */

/* Begin PBXGroup section */
		5AF4D2842D082ECA001A753E = {
			isa = PBXGroup;
			children = (
				5AF4D2C22D08405D001A753E /* LightningImpact.swift */,
				5AF4D28F2D082ECA001A753E /* gps */,
				5AF4D2A62D082ECC001A753E /* gpsTests */,
				5AF4D2B02D082ECC001A753E /* gpsUITests */,
				5AF4D28E2D082ECA001A753E /* Products */,
			);
			sourceTree = "<group>";
		};
		5AF4D28E2D082ECA001A753E /* Products */ = {
			isa = PBXGroup;
			children = (
				5AF4D28D2D082ECA001A753E /* gps.app */,
				5AF4D2A32D082ECC001A753E /* gpsTests.xctest */,
				5AF4D2AD2D082ECC001A753E /* gpsUITests.xctest */,
			);
			name = Products;
			sourceTree = "<group>";
		};
		5AF4D28F2D082ECA001A753E /* gps */ = {
			isa = PBXGroup;
			children = (
				5AF4D2902D082ECA001A753E /* AppDelegate.swift */,
				5AF4D2922D082ECA001A753E /* SceneDelegate.swift */,
				5AF4D2942D082ECA001A753E /* ViewController.swift */,
				5AF4D2962D082ECA001A753E /* Main.storyboard */,
				5AF4D2C02D083224001A753E /* dataTools.swift */,
				5AF4D2992D082ECB001A753E /* Assets.xcassets */,
				5AF4D29B2D082ECB001A753E /* LaunchScreen.storyboard */,
				5AF4D29E2D082ECB001A753E /* Info.plist */,
			);
			path = gps;
			sourceTree = "<group>";
		};
		5AF4D2A62D082ECC001A753E /* gpsTests */ = {
			isa = PBXGroup;
			children = (
				5AF4D2A72D082ECC001A753E /* gpsTests.swift */,
			);
			path = gpsTests;
			sourceTree = "<group>";
		};
		5AF4D2B02D082ECC001A753E /* gpsUITests */ = {
			isa = PBXGroup;
			children = (
				5AF4D2B12D082ECC001A753E /* gpsUITests.swift */,
				5AF4D2B32D082ECC001A753E /* gpsUITestsLaunchTests.swift */,
			);
			path = gpsUITests;
			sourceTree = "<group>";
		};
/* End PBXGroup section */

/* Begin PBXNativeTarget section */
		5AF4D28C2D082ECA001A753E /* gps */ = {
			isa = PBXNativeTarget;
			buildConfigurationList = 5AF4D2B72D082ECC001A753E /* Build configuration list for PBXNativeTarget "gps" */;
			buildPhases = (
				5AF4D2892D082ECA001A753E /* Sources */,
				5AF4D28A2D082ECA001A753E /* Frameworks */,
				5AF4D28B2D082ECA001A753E /* Resources */,
			);
			buildRules = (
			);
			dependencies = (
			);
			name = gps;
			productName = gps;
			productReference = 5AF4D28D2D082ECA001A753E /* gps.app */;
			productType = "com.apple.product-type.application";
		};
		5AF4D2A22D082ECC001A753E /* gpsTests */ = {
			isa = PBXNativeTarget;
			buildConfigurationList = 5AF4D2BA2D082ECC001A753E /* Build configuration list for PBXNativeTarget "gpsTests" */;
			buildPhases = (
				5AF4D29F2D082ECC001A753E /* Sources */,
				5AF4D2A02D082ECC001A753E /* Frameworks */,
				5AF4D2A12D082ECC001A753E /* Resources */,
			);
			buildRules = (
			);
			dependencies = (
				5AF4D2A52D082ECC001A753E /* PBXTargetDependency */,
			);
			name = gpsTests;
			productName = gpsTests;
			productReference = 5AF4D2A32D082ECC001A753E /* gpsTests.xctest */;
			productType = "com.apple.product-type.bundle.unit-test";
		};
		5AF4D2AC2D082ECC001A753E /* gpsUITests */ = {
			isa = PBXNativeTarget;
			buildConfigurationList = 5AF4D2BD2D082ECC001A753E /* Build configuration list for PBXNativeTarget "gpsUITests" */;
			buildPhases = (
				5AF4D2A92D082ECC001A753E /* Sources */,
				5AF4D2AA2D082ECC001A753E /* Frameworks */,
				5AF4D2AB2D082ECC001A753E /* Resources */,
			);
			buildRules = (
			);
			dependencies = (
				5AF4D2AF2D082ECC001A753E /* PBXTargetDependency */,
			);
			name = gpsUITests;
			productName = gpsUITests;
			productReference = 5AF4D2AD2D082ECC001A753E /* gpsUITests.xctest */;
			productType = "com.apple.product-type.bundle.ui-testing";
		};
/* End PBXNativeTarget section */

/* Begin PBXProject section */
		5AF4D2852D082ECA001A753E /* Project object */ = {
			isa = PBXProject;
			attributes = {
				BuildIndependentTargetsInParallel = 1;
				LastSwiftUpdateCheck = 1540;
				LastUpgradeCheck = 1540;
				TargetAttributes = {
					5AF4D28C2D082ECA001A753E = {
						CreatedOnToolsVersion = 15.4;
					};
					5AF4D2A22D082ECC001A753E = {
						CreatedOnToolsVersion = 15.4;
						TestTargetID = 5AF4D28C2D082ECA001A753E;
					};
					5AF4D2AC2D082ECC001A753E = {
						CreatedOnToolsVersion = 15.4;
						TestTargetID = 5AF4D28C2D082ECA001A753E;
					};
				};
			};
			buildConfigurationList = 5AF4D2882D082ECA001A753E /* Build configuration list for PBXProject "gps" */;
			compatibilityVersion = "Xcode 14.0";
			developmentRegion = en;
			hasScannedForEncodings = 0;
			knownRegions = (
				en,
				Base,
			);
			mainGroup = 5AF4D2842D082ECA001A753E;
			productRefGroup = 5AF4D28E2D082ECA001A753E /* Products */;
			projectDirPath = "";
			projectRoot = "";
			targets = (
				5AF4D28C2D082ECA001A753E /* gps */,
				5AF4D2A22D082ECC001A753E /* gpsTests */,
				5AF4D2AC2D082ECC001A753E /* gpsUITests */,
			);
		};
/* End PBXProject section */

/* Begin PBXResourcesBuildPhase section */
		5AF4D28B2D082ECA001A753E /* Resources */ = {
			isa = PBXResourcesBuildPhase;
			buildActionMask = 2147483647;
			files = (
				5AF4D29A2D082ECB001A753E /* Assets.xcassets in Resources */,
				5AF4D29D2D082ECB001A753E /* Base in Resources */,
				5AF4D2982D082ECA001A753E /* Base in Resources */,
			);
			runOnlyForDeploymentPostprocessing = 0;
		};
		5AF4D2A12D082ECC001A753E /* Resources */ = {
			isa = PBXResourcesBuildPhase;
			buildActionMask = 2147483647;
			files = (
			);
			runOnlyForDeploymentPostprocessing = 0;
		};
		5AF4D2AB2D082ECC001A753E /* Resources */ = {
			isa = PBXResourcesBuildPhase;
			buildActionMask = 2147483647;
			files = (
			);
			runOnlyForDeploymentPostprocessing = 0;
		};
/* End PBXResourcesBuildPhase section */

/* Begin PBXSourcesBuildPhase section */
		5AF4D2892D082ECA001A753E /* Sources */ = {
			isa = PBXSourcesBuildPhase;
			buildActionMask = 2147483647;
			files = (
				5AF4D2952D082ECA001A753E /* ViewController.swift in Sources */,
				5AF4D2C12D083224001A753E /* dataTools.swift in Sources */,
				5AF4D2912D082ECA001A753E /* AppDelegate.swift in Sources */,
				5AF4D2932D082ECA001A753E /* SceneDelegate.swift in Sources */,
				5AF4D2C32D08405D001A753E /* LightningImpact.swift in Sources */,
			);
			runOnlyForDeploymentPostprocessing = 0;
		};
		5AF4D29F2D082ECC001A753E /* Sources */ = {
			isa = PBXSourcesBuildPhase;
			buildActionMask = 2147483647;
			files = (
				5AF4D2A82D082ECC001A753E /* gpsTests.swift in Sources */,
			);
			runOnlyForDeploymentPostprocessing = 0;
		};
		5AF4D2A92D082ECC001A753E /* Sources */ = {
			isa = PBXSourcesBuildPhase;
			buildActionMask = 2147483647;
			files = (
				5AF4D2B22D082ECC001A753E /* gpsUITests.swift in Sources */,
				5AF4D2B42D082ECC001A753E /* gpsUITestsLaunchTests.swift in Sources */,
			);
			runOnlyForDeploymentPostprocessing = 0;
		};
/* End PBXSourcesBuildPhase section */

/* Begin PBXTargetDependency section */
		5AF4D2A52D082ECC001A753E /* PBXTargetDependency */ = {
			isa = PBXTargetDependency;
			target = 5AF4D28C2D082ECA001A753E /* gps */;
			targetProxy = 5AF4D2A42D082ECC001A753E /* PBXContainerItemProxy */;
		};
		5AF4D2AF2D082ECC001A753E /* PBXTargetDependency */ = {
			isa = PBXTargetDependency;
			target = 5AF4D28C2D082ECA001A753E /* gps */;
			targetProxy = 5AF4D2AE2D082ECC001A753E /* PBXContainerItemProxy */;
		};
/* End PBXTargetDependency section */

/* Begin PBXVariantGroup section */
		5AF4D2962D082ECA001A753E /* Main.storyboard */ = {
			isa = PBXVariantGroup;
			children = (
				5AF4D2972D082ECA001A753E /* Base */,
			);
			name = Main.storyboard;
			sourceTree = "<group>";
		};
		5AF4D29B2D082ECB001A753E /* LaunchScreen.storyboard */ = {
			isa = PBXVariantGroup;
			children = (
				5AF4D29C2D082ECB001A753E /* Base */,
			);
			name = LaunchScreen.storyboard;
			sourceTree = "<group>";
		};
/* End PBXVariantGroup section */

/* Begin XCBuildConfiguration section */
		5AF4D2B52D082ECC001A753E /* Debug */ = {
			isa = XCBuildConfiguration;
			buildSettings = {
				ALWAYS_SEARCH_USER_PATHS = NO;
				ASSETCATALOG_COMPILER_GENERATE_SWIFT_ASSET_SYMBOL_EXTENSIONS = YES;
				CLANG_ANALYZER_NONNULL = YES;
				CLANG_ANALYZER_NUMBER_OBJECT_CONVERSION = YES_AGGRESSIVE;
				CLANG_CXX_LANGUAGE_STANDARD = "gnu++20";
				CLANG_ENABLE_MODULES = YES;
				CLANG_ENABLE_OBJC_ARC = YES;
				CLANG_ENABLE_OBJC_WEAK = YES;
				CLANG_WARN_BLOCK_CAPTURE_AUTORELEASING = YES;
				CLANG_WARN_BOOL_CONVERSION = YES;
				CLANG_WARN_COMMA = YES;
				CLANG_WARN_CONSTANT_CONVERSION = YES;
				CLANG_WARN_DEPRECATED_OBJC_IMPLEMENTATIONS = YES;
				CLANG_WARN_DIRECT_OBJC_ISA_USAGE = YES_ERROR;
				CLANG_WARN_DOCUMENTATION_COMMENTS = YES;
				CLANG_WARN_EMPTY_BODY = YES;
				CLANG_WARN_ENUM_CONVERSION = YES;
				CLANG_WARN_INFINITE_RECURSION = YES;
				CLANG_WARN_INT_CONVERSION = YES;
				CLANG_WARN_NON_LITERAL_NULL_CONVERSION = YES;
				CLANG_WARN_OBJC_IMPLICIT_RETAIN_SELF = YES;
				CLANG_WARN_OBJC_LITERAL_CONVERSION = YES;
				CLANG_WARN_OBJC_ROOT_CLASS = YES_ERROR;
				CLANG_WARN_QUOTED_INCLUDE_IN_FRAMEWORK_HEADER = YES;
				CLANG_WARN_RANGE_LOOP_ANALYSIS = YES;
				CLANG_WARN_STRICT_PROTOTYPES = YES;
				CLANG_WARN_SUSPICIOUS_MOVE = YES;
				CLANG_WARN_UNGUARDED_AVAILABILITY = YES_AGGRESSIVE;
				CLANG_WARN_UNREACHABLE_CODE = YES;
				CLANG_WARN__DUPLICATE_METHOD_MATCH = YES;
				COPY_PHASE_STRIP = NO;
				DEBUG_INFORMATION_FORMAT = dwarf;
				ENABLE_STRICT_OBJC_MSGSEND = YES;
				ENABLE_TESTABILITY = YES;
				ENABLE_USER_SCRIPT_SANDBOXING = YES;
				GCC_C_LANGUAGE_STANDARD = gnu17;
				GCC_DYNAMIC_NO_PIC = NO;
				GCC_NO_COMMON_BLOCKS = YES;
				GCC_OPTIMIZATION_LEVEL = 0;
				GCC_PREPROCESSOR_DEFINITIONS = (
					"DEBUG=1",
					"$(inherited)",
				);
				GCC_WARN_64_TO_32_BIT_CONVERSION = YES;
				GCC_WARN_ABOUT_RETURN_TYPE = YES_ERROR;
				GCC_WARN_UNDECLARED_SELECTOR = YES;
				GCC_WARN_UNINITIALIZED_AUTOS = YES_AGGRESSIVE;
				GCC_WARN_UNUSED_FUNCTION = YES;
				GCC_WARN_UNUSED_VARIABLE = YES;
				IPHONEOS_DEPLOYMENT_TARGET = 17.5;
				LOCALIZATION_PREFERS_STRING_CATALOGS = YES;
				MTL_ENABLE_DEBUG_INFO = INCLUDE_SOURCE;
				MTL_FAST_MATH = YES;
				ONLY_ACTIVE_ARCH = YES;
				SDKROOT = iphoneos;
				SWIFT_ACTIVE_COMPILATION_CONDITIONS = "DEBUG $(inherited)";
				SWIFT_OPTIMIZATION_LEVEL = "-Onone";
			};
			name = Debug;
		};
		5AF4D2B62D082ECC001A753E /* Release */ = {
			isa = XCBuildConfiguration;
			buildSettings = {
				ALWAYS_SEARCH_USER_PATHS = NO;
				ASSETCATALOG_COMPILER_GENERATE_SWIFT_ASSET_SYMBOL_EXTENSIONS = YES;
				CLANG_ANALYZER_NONNULL = YES;
				CLANG_ANALYZER_NUMBER_OBJECT_CONVERSION = YES_AGGRESSIVE;
				CLANG_CXX_LANGUAGE_STANDARD = "gnu++20";
				CLANG_ENABLE_MODULES = YES;
				CLANG_ENABLE_OBJC_ARC = YES;
				CLANG_ENABLE_OBJC_WEAK = YES;
				CLANG_WARN_BLOCK_CAPTURE_AUTORELEASING = YES;
				CLANG_WARN_BOOL_CONVERSION = YES;
				CLANG_WARN_COMMA = YES;
				CLANG_WARN_CONSTANT_CONVERSION = YES;
				CLANG_WARN_DEPRECATED_OBJC_IMPLEMENTATIONS = YES;
				CLANG_WARN_DIRECT_OBJC_ISA_USAGE = YES_ERROR;
				CLANG_WARN_DOCUMENTATION_COMMENTS = YES;
				CLANG_WARN_EMPTY_BODY = YES;
				CLANG_WARN_ENUM_CONVERSION = YES;
				CLANG_WARN_INFINITE_RECURSION = YES;
				CLANG_WARN_INT_CONVERSION = YES;
				CLANG_WARN_NON_LITERAL_NULL_CONVERSION = YES;
				CLANG_WARN_OBJC_IMPLICIT_RETAIN_SELF = YES;
				CLANG_WARN_OBJC_LITERAL_CONVERSION = YES;
				CLANG_WARN_OBJC_ROOT_CLASS = YES_ERROR;
				CLANG_WARN_QUOTED_INCLUDE_IN_FRAMEWORK_HEADER = YES;
				CLANG_WARN_RANGE_LOOP_ANALYSIS = YES;
				CLANG_WARN_STRICT_PROTOTYPES = YES;
				CLANG_WARN_SUSPICIOUS_MOVE = YES;
				CLANG_WARN_UNGUARDED_AVAILABILITY = YES_AGGRESSIVE;
				CLANG_WARN_UNREACHABLE_CODE = YES;
				CLANG_WARN__DUPLICATE_METHOD_MATCH = YES;
				COPY_PHASE_STRIP = NO;
				DEBUG_INFORMATION_FORMAT = "dwarf-with-dsym";
				ENABLE_NS_ASSERTIONS = NO;
				ENABLE_STRICT_OBJC_MSGSEND = YES;
				ENABLE_USER_SCRIPT_SANDBOXING = YES;
				GCC_C_LANGUAGE_STANDARD = gnu17;
				GCC_NO_COMMON_BLOCKS = YES;
				GCC_WARN_64_TO_32_BIT_CONVERSION = YES;
				GCC_WARN_ABOUT_RETURN_TYPE = YES_ERROR;
				GCC_WARN_UNDECLARED_SELECTOR = YES;
				GCC_WARN_UNINITIALIZED_AUTOS = YES_AGGRESSIVE;
				GCC_WARN_UNUSED_FUNCTION = YES;
				GCC_WARN_UNUSED_VARIABLE = YES;
				IPHONEOS_DEPLOYMENT_TARGET = 17.5;
				LOCALIZATION_PREFERS_STRING_CATALOGS = YES;
				MTL_ENABLE_DEBUG_INFO = NO;
				MTL_FAST_MATH = YES;
				SDKROOT = iphoneos;
				SWIFT_COMPILATION_MODE = wholemodule;
				VALIDATE_PRODUCT = YES;
			};
			name = Release;
		};
		5AF4D2B82D082ECC001A753E /* Debug */ = {
			isa = XCBuildConfiguration;
			buildSettings = {
				ASSETCATALOG_COMPILER_APPICON_NAME = AppIcon;
				ASSETCATALOG_COMPILER_GLOBAL_ACCENT_COLOR_NAME = AccentColor;
				CODE_SIGN_STYLE = Automatic;
				CURRENT_PROJECT_VERSION = 1;
				DEVELOPMENT_TEAM = 3FZAFPQ65P;
				GENERATE_INFOPLIST_FILE = YES;
				INFOPLIST_FILE = gps/Info.plist;
				INFOPLIST_KEY_UIApplicationSupportsIndirectInputEvents = YES;
				INFOPLIST_KEY_UILaunchStoryboardName = LaunchScreen;
				INFOPLIST_KEY_UIMainStoryboardFile = Main;
				INFOPLIST_KEY_UISupportedInterfaceOrientations_iPad = "UIInterfaceOrientationPortrait UIInterfaceOrientationPortraitUpsideDown UIInterfaceOrientationLandscapeLeft UIInterfaceOrientationLandscapeRight";
				INFOPLIST_KEY_UISupportedInterfaceOrientations_iPhone = "UIInterfaceOrientationPortrait UIInterfaceOrientationLandscapeLeft UIInterfaceOrientationLandscapeRight";
				LD_RUNPATH_SEARCH_PATHS = (
					"$(inherited)",
					"@executable_path/Frameworks",
				);
				MARKETING_VERSION = 1.0;
				PRODUCT_BUNDLE_IDENTIFIER = tp.gps;
				PRODUCT_NAME = "$(TARGET_NAME)";
				SWIFT_EMIT_LOC_STRINGS = YES;
				SWIFT_VERSION = 5.0;
				TARGETED_DEVICE_FAMILY = "1,2";
			};
			name = Debug;
		};
		5AF4D2B92D082ECC001A753E /* Release */ = {
			isa = XCBuildConfiguration;
			buildSettings = {
				ASSETCATALOG_COMPILER_APPICON_NAME = AppIcon;
				ASSETCATALOG_COMPILER_GLOBAL_ACCENT_COLOR_NAME = AccentColor;
				CODE_SIGN_STYLE = Automatic;
				CURRENT_PROJECT_VERSION = 1;
				DEVELOPMENT_TEAM = 3FZAFPQ65P;
				GENERATE_INFOPLIST_FILE = YES;
				INFOPLIST_FILE = gps/Info.plist;
				INFOPLIST_KEY_UIApplicationSupportsIndirectInputEvents = YES;
				INFOPLIST_KEY_UILaunchStoryboardName = LaunchScreen;
				INFOPLIST_KEY_UIMainStoryboardFile = Main;
				INFOPLIST_KEY_UISupportedInterfaceOrientations_iPad = "UIInterfaceOrientationPortrait UIInterfaceOrientationPortraitUpsideDown UIInterfaceOrientationLandscapeLeft UIInterfaceOrientationLandscapeRight";
				INFOPLIST_KEY_UISupportedInterfaceOrientations_iPhone = "UIInterfaceOrientationPortrait UIInterfaceOrientationLandscapeLeft UIInterfaceOrientationLandscapeRight";
				LD_RUNPATH_SEARCH_PATHS = (
					"$(inherited)",
					"@executable_path/Frameworks",
				);
				MARKETING_VERSION = 1.0;
				PRODUCT_BUNDLE_IDENTIFIER = tp.gps;
				PRODUCT_NAME = "$(TARGET_NAME)";
				SWIFT_EMIT_LOC_STRINGS = YES;
				SWIFT_VERSION = 5.0;
				TARGETED_DEVICE_FAMILY = "1,2";
			};
			name = Release;
		};
		5AF4D2BB2D082ECC001A753E /* Debug */ = {
			isa = XCBuildConfiguration;
			buildSettings = {
				ALWAYS_EMBED_SWIFT_STANDARD_LIBRARIES = YES;
				BUNDLE_LOADER = "$(TEST_HOST)";
				CODE_SIGN_STYLE = Automatic;
				CURRENT_PROJECT_VERSION = 1;
				DEVELOPMENT_TEAM = 3FZAFPQ65P;
				GENERATE_INFOPLIST_FILE = YES;
				IPHONEOS_DEPLOYMENT_TARGET = 17.5;
				MARKETING_VERSION = 1.0;
				PRODUCT_BUNDLE_IDENTIFIER = tp.gpsTests;
				PRODUCT_NAME = "$(TARGET_NAME)";
				SWIFT_EMIT_LOC_STRINGS = NO;
				SWIFT_VERSION = 5.0;
				TARGETED_DEVICE_FAMILY = "1,2";
				TEST_HOST = "$(BUILT_PRODUCTS_DIR)/gps.app/$(BUNDLE_EXECUTABLE_FOLDER_PATH)/gps";
			};
			name = Debug;
		};
		5AF4D2BC2D082ECC001A753E /* Release */ = {
			isa = XCBuildConfiguration;
			buildSettings = {
				ALWAYS_EMBED_SWIFT_STANDARD_LIBRARIES = YES;
				BUNDLE_LOADER = "$(TEST_HOST)";
				CODE_SIGN_STYLE = Automatic;
				CURRENT_PROJECT_VERSION = 1;
				DEVELOPMENT_TEAM = 3FZAFPQ65P;
				GENERATE_INFOPLIST_FILE = YES;
				IPHONEOS_DEPLOYMENT_TARGET = 17.5;
				MARKETING_VERSION = 1.0;
				PRODUCT_BUNDLE_IDENTIFIER = tp.gpsTests;
				PRODUCT_NAME = "$(TARGET_NAME)";
				SWIFT_EMIT_LOC_STRINGS = NO;
				SWIFT_VERSION = 5.0;
				TARGETED_DEVICE_FAMILY = "1,2";
				TEST_HOST = "$(BUILT_PRODUCTS_DIR)/gps.app/$(BUNDLE_EXECUTABLE_FOLDER_PATH)/gps";
			};
			name = Release;
		};
		5AF4D2BE2D082ECC001A753E /* Debug */ = {
			isa = XCBuildConfiguration;
			buildSettings = {
				ALWAYS_EMBED_SWIFT_STANDARD_LIBRARIES = YES;
				CODE_SIGN_STYLE = Automatic;
				CURRENT_PROJECT_VERSION = 1;
				DEVELOPMENT_TEAM = 3FZAFPQ65P;
				GENERATE_INFOPLIST_FILE = YES;
				MARKETING_VERSION = 1.0;
				PRODUCT_BUNDLE_IDENTIFIER = tp.gpsUITests;
				PRODUCT_NAME = "$(TARGET_NAME)";
				SWIFT_EMIT_LOC_STRINGS = NO;
				SWIFT_VERSION = 5.0;
				TARGETED_DEVICE_FAMILY = "1,2";
				TEST_TARGET_NAME = gps;
			};
			name = Debug;
		};
		5AF4D2BF2D082ECC001A753E /* Release */ = {
			isa = XCBuildConfiguration;
			buildSettings = {
				ALWAYS_EMBED_SWIFT_STANDARD_LIBRARIES = YES;
				CODE_SIGN_STYLE = Automatic;
				CURRENT_PROJECT_VERSION = 1;
				DEVELOPMENT_TEAM = 3FZAFPQ65P;
				GENERATE_INFOPLIST_FILE = YES;
				MARKETING_VERSION = 1.0;
				PRODUCT_BUNDLE_IDENTIFIER = tp.gpsUITests;
				PRODUCT_NAME = "$(TARGET_NAME)";
				SWIFT_EMIT_LOC_STRINGS = NO;
				SWIFT_VERSION = 5.0;
				TARGETED_DEVICE_FAMILY = "1,2";
				TEST_TARGET_NAME = gps;
			};
			name = Release;
		};
/* End XCBuildConfiguration section */

/* Begin XCConfigurationList section */
		5AF4D2882D082ECA001A753E /* Build configuration list for PBXProject "gps" */ = {
			isa = XCConfigurationList;
			buildConfigurations = (
				5AF4D2B52D082ECC001A753E /* Debug */,
				5AF4D2B62D082ECC001A753E /* Release */,
			);
			defaultConfigurationIsVisible = 0;
			defaultConfigurationName = Release;
		};
		5AF4D2B72D082ECC001A753E /* Build configuration list for PBXNativeTarget "gps" */ = {
			isa = XCConfigurationList;
			buildConfigurations = (
				5AF4D2B82D082ECC001A753E /* Debug */,
				5AF4D2B92D082ECC001A753E /* Release */,
			);
			defaultConfigurationIsVisible = 0;
			defaultConfigurationName = Release;
		};
		5AF4D2BA2D082ECC001A753E /* Build configuration list for PBXNativeTarget "gpsTests" */ = {
			isa = XCConfigurationList;
			buildConfigurations = (
				5AF4D2BB2D082ECC001A753E /* Debug */,
				5AF4D2BC2D082ECC001A753E /* Release */,
			);
			defaultConfigurationIsVisible = 0;
			defaultConfigurationName = Release;
		};
		5AF4D2BD2D082ECC001A753E /* Build configuration list for PBXNativeTarget "gpsUITests" */ = {
			isa = XCConfigurationList;
			buildConfigurations = (
				5AF4D2BE2D082ECC001A753E /* Debug */,
				5AF4D2BF2D082ECC001A753E /* Release */,
			);
			defaultConfigurationIsVisible = 0;
			defaultConfigurationName = Release;
		};
/* End XCConfigurationList section */
	};
	rootObject = 5AF4D2852D082ECA001A753E /* Project object */;
}
