// !$*UTF8*$!
{
	archiveVersion = 1;
	classes = {
	};
	objectVersion = 56;
	objects = {

/* Begin PBXBuildFile section */
		5A70134A2CDA67A80009A47C /* ODRefreshControl.m in Sources */ = {isa = PBXBuildFile; fileRef = 5A7013482CDA67A80009A47C /* ODRefreshControl.m */; };
		5AC85D662CBEA2C400C88486 /* AppDelegate.swift in Sources */ = {isa = PBXBuildFile; fileRef = 5AC85D652CBEA2C400C88486 /* AppDelegate.swift */; };
		5AC85D682CBEA2C400C88486 /* SceneDelegate.swift in Sources */ = {isa = PBXBuildFile; fileRef = 5AC85D672CBEA2C400C88486 /* SceneDelegate.swift */; };
		5AC85D6A2CBEA2C400C88486 /* ViewController.swift in Sources */ = {isa = PBXBuildFile; fileRef = 5AC85D692CBEA2C400C88486 /* ViewController.swift */; };
		5AC85D6D2CBEA2C400C88486 /* Base in Resources */ = {isa = PBXBuildFile; fileRef = 5AC85D6C2CBEA2C400C88486 /* Base */; };
		5AC85D6F2CBEA2C500C88486 /* Assets.xcassets in Resources */ = {isa = PBXBuildFile; fileRef = 5AC85D6E2CBEA2C500C88486 /* Assets.xcassets */; };
		5AC85D722CBEA2C500C88486 /* Base in Resources */ = {isa = PBXBuildFile; fileRef = 5AC85D712CBEA2C500C88486 /* Base */; };
		5AC85D7D2CBEA2C500C88486 /* gestionnaire_cellulesTests.swift in Sources */ = {isa = PBXBuildFile; fileRef = 5AC85D7C2CBEA2C500C88486 /* gestionnaire_cellulesTests.swift */; };
		5AC85D872CBEA2C500C88486 /* gestionnaire_cellulesUITests.swift in Sources */ = {isa = PBXBuildFile; fileRef = 5AC85D862CBEA2C500C88486 /* gestionnaire_cellulesUITests.swift */; };
		5AC85D892CBEA2C500C88486 /* gestionnaire_cellulesUITestsLaunchTests.swift in Sources */ = {isa = PBXBuildFile; fileRef = 5AC85D882CBEA2C500C88486 /* gestionnaire_cellulesUITestsLaunchTests.swift */; };
		5AC85D962CBEA33E00C88486 /* Etudiant.swift in Sources */ = {isa = PBXBuildFile; fileRef = 5AC85D952CBEA33E00C88486 /* Etudiant.swift */; };
		5AC85D982CBEA5CD00C88486 /* CelluleEtudiant.swift in Sources */ = {isa = PBXBuildFile; fileRef = 5AC85D972CBEA5CD00C88486 /* CelluleEtudiant.swift */; };
/* End PBXBuildFile section */

/* Begin PBXContainerItemProxy section */
		5AC85D792CBEA2C500C88486 /* PBXContainerItemProxy */ = {
			isa = PBXContainerItemProxy;
			containerPortal = 5AC85D5A2CBEA2C400C88486 /* Project object */;
			proxyType = 1;
			remoteGlobalIDString = 5AC85D612CBEA2C400C88486;
			remoteInfo = "gestionnaire-cellules";
		};
		5AC85D832CBEA2C500C88486 /* PBXContainerItemProxy */ = {
			isa = PBXContainerItemProxy;
			containerPortal = 5AC85D5A2CBEA2C400C88486 /* Project object */;
			proxyType = 1;
			remoteGlobalIDString = 5AC85D612CBEA2C400C88486;
			remoteInfo = "gestionnaire-cellules";
		};
/* End PBXContainerItemProxy section */

/* Begin PBXFileReference section */
		5A7013472CDA67A80009A47C /* gestionnaire-cellules-Bridging-Header.h */ = {isa = PBXFileReference; lastKnownFileType = sourcecode.c.h; path = "gestionnaire-cellules-Bridging-Header.h"; sourceTree = "<group>"; };
		5A7013482CDA67A80009A47C /* ODRefreshControl.m */ = {isa = PBXFileReference; fileEncoding = 4; lastKnownFileType = sourcecode.c.objc; path = ODRefreshControl.m; sourceTree = "<group>"; };
		5A7013492CDA67A80009A47C /* ODRefreshControl.h */ = {isa = PBXFileReference; fileEncoding = 4; lastKnownFileType = sourcecode.c.h; path = ODRefreshControl.h; sourceTree = "<group>"; };
		5AC85D622CBEA2C400C88486 /* gestionnaire-cellules.app */ = {isa = PBXFileReference; explicitFileType = wrapper.application; includeInIndex = 0; path = "gestionnaire-cellules.app"; sourceTree = BUILT_PRODUCTS_DIR; };
		5AC85D652CBEA2C400C88486 /* AppDelegate.swift */ = {isa = PBXFileReference; lastKnownFileType = sourcecode.swift; path = AppDelegate.swift; sourceTree = "<group>"; };
		5AC85D672CBEA2C400C88486 /* SceneDelegate.swift */ = {isa = PBXFileReference; lastKnownFileType = sourcecode.swift; path = SceneDelegate.swift; sourceTree = "<group>"; };
		5AC85D692CBEA2C400C88486 /* ViewController.swift */ = {isa = PBXFileReference; lastKnownFileType = sourcecode.swift; path = ViewController.swift; sourceTree = "<group>"; };
		5AC85D6C2CBEA2C400C88486 /* Base */ = {isa = PBXFileReference; lastKnownFileType = file.storyboard; name = Base; path = Base.lproj/Main.storyboard; sourceTree = "<group>"; };
		5AC85D6E2CBEA2C500C88486 /* Assets.xcassets */ = {isa = PBXFileReference; lastKnownFileType = folder.assetcatalog; path = Assets.xcassets; sourceTree = "<group>"; };
		5AC85D712CBEA2C500C88486 /* Base */ = {isa = PBXFileReference; lastKnownFileType = file.storyboard; name = Base; path = Base.lproj/LaunchScreen.storyboard; sourceTree = "<group>"; };
		5AC85D732CBEA2C500C88486 /* Info.plist */ = {isa = PBXFileReference; lastKnownFileType = text.plist.xml; path = Info.plist; sourceTree = "<group>"; };
		5AC85D782CBEA2C500C88486 /* gestionnaire-cellulesTests.xctest */ = {isa = PBXFileReference; explicitFileType = wrapper.cfbundle; includeInIndex = 0; path = "gestionnaire-cellulesTests.xctest"; sourceTree = BUILT_PRODUCTS_DIR; };
		5AC85D7C2CBEA2C500C88486 /* gestionnaire_cellulesTests.swift */ = {isa = PBXFileReference; lastKnownFileType = sourcecode.swift; path = gestionnaire_cellulesTests.swift; sourceTree = "<group>"; };
		5AC85D822CBEA2C500C88486 /* gestionnaire-cellulesUITests.xctest */ = {isa = PBXFileReference; explicitFileType = wrapper.cfbundle; includeInIndex = 0; path = "gestionnaire-cellulesUITests.xctest"; sourceTree = BUILT_PRODUCTS_DIR; };
		5AC85D862CBEA2C500C88486 /* gestionnaire_cellulesUITests.swift */ = {isa = PBXFileReference; lastKnownFileType = sourcecode.swift; path = gestionnaire_cellulesUITests.swift; sourceTree = "<group>"; };
		5AC85D882CBEA2C500C88486 /* gestionnaire_cellulesUITestsLaunchTests.swift */ = {isa = PBXFileReference; lastKnownFileType = sourcecode.swift; path = gestionnaire_cellulesUITestsLaunchTests.swift; sourceTree = "<group>"; };
		5AC85D952CBEA33E00C88486 /* Etudiant.swift */ = {isa = PBXFileReference; lastKnownFileType = sourcecode.swift; path = Etudiant.swift; sourceTree = "<group>"; };
		5AC85D972CBEA5CD00C88486 /* CelluleEtudiant.swift */ = {isa = PBXFileReference; lastKnownFileType = sourcecode.swift; path = CelluleEtudiant.swift; sourceTree = "<group>"; };
/* End PBXFileReference section */

/* Begin PBXFrameworksBuildPhase section */
		5AC85D5F2CBEA2C400C88486 /* Frameworks */ = {
			isa = PBXFrameworksBuildPhase;
			buildActionMask = 2147483647;
			files = (
			);
			runOnlyForDeploymentPostprocessing = 0;
		};
		5AC85D752CBEA2C500C88486 /* Frameworks */ = {
			isa = PBXFrameworksBuildPhase;
			buildActionMask = 2147483647;
			files = (
			);
			runOnlyForDeploymentPostprocessing = 0;
		};
		5AC85D7F2CBEA2C500C88486 /* Frameworks */ = {
			isa = PBXFrameworksBuildPhase;
			buildActionMask = 2147483647;
			files = (
			);
			runOnlyForDeploymentPostprocessing = 0;
		};
/* End PBXFrameworksBuildPhase section */

/* Begin PBXGroup section */
		5AC85D592CBEA2C400C88486 = {
			isa = PBXGroup;
			children = (
				5AC85D642CBEA2C400C88486 /* gestionnaire-cellules */,
				5AC85D7B2CBEA2C500C88486 /* gestionnaire-cellulesTests */,
				5AC85D852CBEA2C500C88486 /* gestionnaire-cellulesUITests */,
				5AC85D632CBEA2C400C88486 /* Products */,
			);
			sourceTree = "<group>";
		};
		5AC85D632CBEA2C400C88486 /* Products */ = {
			isa = PBXGroup;
			children = (
				5AC85D622CBEA2C400C88486 /* gestionnaire-cellules.app */,
				5AC85D782CBEA2C500C88486 /* gestionnaire-cellulesTests.xctest */,
				5AC85D822CBEA2C500C88486 /* gestionnaire-cellulesUITests.xctest */,
			);
			name = Products;
			sourceTree = "<group>";
		};
		5AC85D642CBEA2C400C88486 /* gestionnaire-cellules */ = {
			isa = PBXGroup;
			children = (
				5AC85D652CBEA2C400C88486 /* AppDelegate.swift */,
				5AC85D672CBEA2C400C88486 /* SceneDelegate.swift */,
				5AC85D692CBEA2C400C88486 /* ViewController.swift */,
				5AC85D6B2CBEA2C400C88486 /* Main.storyboard */,
				5A7013492CDA67A80009A47C /* ODRefreshControl.h */,
				5A7013482CDA67A80009A47C /* ODRefreshControl.m */,
				5AC85D6E2CBEA2C500C88486 /* Assets.xcassets */,
				5AC85D702CBEA2C500C88486 /* LaunchScreen.storyboard */,
				5AC85D732CBEA2C500C88486 /* Info.plist */,
				5AC85D952CBEA33E00C88486 /* Etudiant.swift */,
				5AC85D972CBEA5CD00C88486 /* CelluleEtudiant.swift */,
				5A7013472CDA67A80009A47C /* gestionnaire-cellules-Bridging-Header.h */,
			);
			path = "gestionnaire-cellules";
			sourceTree = "<group>";
		};
		5AC85D7B2CBEA2C500C88486 /* gestionnaire-cellulesTests */ = {
			isa = PBXGroup;
			children = (
				5AC85D7C2CBEA2C500C88486 /* gestionnaire_cellulesTests.swift */,
			);
			path = "gestionnaire-cellulesTests";
			sourceTree = "<group>";
		};
		5AC85D852CBEA2C500C88486 /* gestionnaire-cellulesUITests */ = {
			isa = PBXGroup;
			children = (
				5AC85D862CBEA2C500C88486 /* gestionnaire_cellulesUITests.swift */,
				5AC85D882CBEA2C500C88486 /* gestionnaire_cellulesUITestsLaunchTests.swift */,
			);
			path = "gestionnaire-cellulesUITests";
			sourceTree = "<group>";
		};
/* End PBXGroup section */

/* Begin PBXNativeTarget section */
		5AC85D612CBEA2C400C88486 /* gestionnaire-cellules */ = {
			isa = PBXNativeTarget;
			buildConfigurationList = 5AC85D8C2CBEA2C500C88486 /* Build configuration list for PBXNativeTarget "gestionnaire-cellules" */;
			buildPhases = (
				5AC85D5E2CBEA2C400C88486 /* Sources */,
				5AC85D5F2CBEA2C400C88486 /* Frameworks */,
				5AC85D602CBEA2C400C88486 /* Resources */,
			);
			buildRules = (
			);
			dependencies = (
			);
			name = "gestionnaire-cellules";
			productName = "gestionnaire-cellules";
			productReference = 5AC85D622CBEA2C400C88486 /* gestionnaire-cellules.app */;
			productType = "com.apple.product-type.application";
		};
		5AC85D772CBEA2C500C88486 /* gestionnaire-cellulesTests */ = {
			isa = PBXNativeTarget;
			buildConfigurationList = 5AC85D8F2CBEA2C500C88486 /* Build configuration list for PBXNativeTarget "gestionnaire-cellulesTests" */;
			buildPhases = (
				5AC85D742CBEA2C500C88486 /* Sources */,
				5AC85D752CBEA2C500C88486 /* Frameworks */,
				5AC85D762CBEA2C500C88486 /* Resources */,
			);
			buildRules = (
			);
			dependencies = (
				5AC85D7A2CBEA2C500C88486 /* PBXTargetDependency */,
			);
			name = "gestionnaire-cellulesTests";
			productName = "gestionnaire-cellulesTests";
			productReference = 5AC85D782CBEA2C500C88486 /* gestionnaire-cellulesTests.xctest */;
			productType = "com.apple.product-type.bundle.unit-test";
		};
		5AC85D812CBEA2C500C88486 /* gestionnaire-cellulesUITests */ = {
			isa = PBXNativeTarget;
			buildConfigurationList = 5AC85D922CBEA2C500C88486 /* Build configuration list for PBXNativeTarget "gestionnaire-cellulesUITests" */;
			buildPhases = (
				5AC85D7E2CBEA2C500C88486 /* Sources */,
				5AC85D7F2CBEA2C500C88486 /* Frameworks */,
				5AC85D802CBEA2C500C88486 /* Resources */,
			);
			buildRules = (
			);
			dependencies = (
				5AC85D842CBEA2C500C88486 /* PBXTargetDependency */,
			);
			name = "gestionnaire-cellulesUITests";
			productName = "gestionnaire-cellulesUITests";
			productReference = 5AC85D822CBEA2C500C88486 /* gestionnaire-cellulesUITests.xctest */;
			productType = "com.apple.product-type.bundle.ui-testing";
		};
/* End PBXNativeTarget section */

/* Begin PBXProject section */
		5AC85D5A2CBEA2C400C88486 /* Project object */ = {
			isa = PBXProject;
			attributes = {
				BuildIndependentTargetsInParallel = 1;
				LastSwiftUpdateCheck = 1540;
				LastUpgradeCheck = 1540;
				TargetAttributes = {
					5AC85D612CBEA2C400C88486 = {
						CreatedOnToolsVersion = 15.4;
						LastSwiftMigration = 1540;
					};
					5AC85D772CBEA2C500C88486 = {
						CreatedOnToolsVersion = 15.4;
						TestTargetID = 5AC85D612CBEA2C400C88486;
					};
					5AC85D812CBEA2C500C88486 = {
						CreatedOnToolsVersion = 15.4;
						TestTargetID = 5AC85D612CBEA2C400C88486;
					};
				};
			};
			buildConfigurationList = 5AC85D5D2CBEA2C400C88486 /* Build configuration list for PBXProject "gestionnaire-cellules" */;
			compatibilityVersion = "Xcode 14.0";
			developmentRegion = en;
			hasScannedForEncodings = 0;
			knownRegions = (
				en,
				Base,
			);
			mainGroup = 5AC85D592CBEA2C400C88486;
			productRefGroup = 5AC85D632CBEA2C400C88486 /* Products */;
			projectDirPath = "";
			projectRoot = "";
			targets = (
				5AC85D612CBEA2C400C88486 /* gestionnaire-cellules */,
				5AC85D772CBEA2C500C88486 /* gestionnaire-cellulesTests */,
				5AC85D812CBEA2C500C88486 /* gestionnaire-cellulesUITests */,
			);
		};
/* End PBXProject section */

/* Begin PBXResourcesBuildPhase section */
		5AC85D602CBEA2C400C88486 /* Resources */ = {
			isa = PBXResourcesBuildPhase;
			buildActionMask = 2147483647;
			files = (
				5AC85D6F2CBEA2C500C88486 /* Assets.xcassets in Resources */,
				5AC85D722CBEA2C500C88486 /* Base in Resources */,
				5AC85D6D2CBEA2C400C88486 /* Base in Resources */,
			);
			runOnlyForDeploymentPostprocessing = 0;
		};
		5AC85D762CBEA2C500C88486 /* Resources */ = {
			isa = PBXResourcesBuildPhase;
			buildActionMask = 2147483647;
			files = (
			);
			runOnlyForDeploymentPostprocessing = 0;
		};
		5AC85D802CBEA2C500C88486 /* Resources */ = {
			isa = PBXResourcesBuildPhase;
			buildActionMask = 2147483647;
			files = (
			);
			runOnlyForDeploymentPostprocessing = 0;
		};
/* End PBXResourcesBuildPhase section */

/* Begin PBXSourcesBuildPhase section */
		5AC85D5E2CBEA2C400C88486 /* Sources */ = {
			isa = PBXSourcesBuildPhase;
			buildActionMask = 2147483647;
			files = (
				5AC85D6A2CBEA2C400C88486 /* ViewController.swift in Sources */,
				5AC85D662CBEA2C400C88486 /* AppDelegate.swift in Sources */,
				5AC85D982CBEA5CD00C88486 /* CelluleEtudiant.swift in Sources */,
				5AC85D682CBEA2C400C88486 /* SceneDelegate.swift in Sources */,
				5A70134A2CDA67A80009A47C /* ODRefreshControl.m in Sources */,
				5AC85D962CBEA33E00C88486 /* Etudiant.swift in Sources */,
			);
			runOnlyForDeploymentPostprocessing = 0;
		};
		5AC85D742CBEA2C500C88486 /* Sources */ = {
			isa = PBXSourcesBuildPhase;
			buildActionMask = 2147483647;
			files = (
				5AC85D7D2CBEA2C500C88486 /* gestionnaire_cellulesTests.swift in Sources */,
			);
			runOnlyForDeploymentPostprocessing = 0;
		};
		5AC85D7E2CBEA2C500C88486 /* Sources */ = {
			isa = PBXSourcesBuildPhase;
			buildActionMask = 2147483647;
			files = (
				5AC85D872CBEA2C500C88486 /* gestionnaire_cellulesUITests.swift in Sources */,
				5AC85D892CBEA2C500C88486 /* gestionnaire_cellulesUITestsLaunchTests.swift in Sources */,
			);
			runOnlyForDeploymentPostprocessing = 0;
		};
/* End PBXSourcesBuildPhase section */

/* Begin PBXTargetDependency section */
		5AC85D7A2CBEA2C500C88486 /* PBXTargetDependency */ = {
			isa = PBXTargetDependency;
			target = 5AC85D612CBEA2C400C88486 /* gestionnaire-cellules */;
			targetProxy = 5AC85D792CBEA2C500C88486 /* PBXContainerItemProxy */;
		};
		5AC85D842CBEA2C500C88486 /* PBXTargetDependency */ = {
			isa = PBXTargetDependency;
			target = 5AC85D612CBEA2C400C88486 /* gestionnaire-cellules */;
			targetProxy = 5AC85D832CBEA2C500C88486 /* PBXContainerItemProxy */;
		};
/* End PBXTargetDependency section */

/* Begin PBXVariantGroup section */
		5AC85D6B2CBEA2C400C88486 /* Main.storyboard */ = {
			isa = PBXVariantGroup;
			children = (
				5AC85D6C2CBEA2C400C88486 /* Base */,
			);
			name = Main.storyboard;
			sourceTree = "<group>";
		};
		5AC85D702CBEA2C500C88486 /* LaunchScreen.storyboard */ = {
			isa = PBXVariantGroup;
			children = (
				5AC85D712CBEA2C500C88486 /* Base */,
			);
			name = LaunchScreen.storyboard;
			sourceTree = "<group>";
		};
/* End PBXVariantGroup section */

/* Begin XCBuildConfiguration section */
		5AC85D8A2CBEA2C500C88486 /* Debug */ = {
			isa = XCBuildConfiguration;
			buildSettings = {
				ALWAYS_SEARCH_USER_PATHS = NO;
				ASSETCATALOG_COMPILER_GENERATE_SWIFT_ASSET_SYMBOL_EXTENSIONS = YES;
				CLANG_ANALYZER_NONNULL = YES;
				CLANG_ANALYZER_NUMBER_OBJECT_CONVERSION = YES_AGGRESSIVE;
				CLANG_CXX_LANGUAGE_STANDARD = "gnu++20";
				CLANG_ENABLE_MODULES = YES;
				CLANG_ENABLE_OBJC_ARC = YES;
				CLANG_ENABLE_OBJC_WEAK = YES;
				CLANG_WARN_BLOCK_CAPTURE_AUTORELEASING = YES;
				CLANG_WARN_BOOL_CONVERSION = YES;
				CLANG_WARN_COMMA = YES;
				CLANG_WARN_CONSTANT_CONVERSION = YES;
				CLANG_WARN_DEPRECATED_OBJC_IMPLEMENTATIONS = YES;
				CLANG_WARN_DIRECT_OBJC_ISA_USAGE = YES_ERROR;
				CLANG_WARN_DOCUMENTATION_COMMENTS = YES;
				CLANG_WARN_EMPTY_BODY = YES;
				CLANG_WARN_ENUM_CONVERSION = YES;
				CLANG_WARN_INFINITE_RECURSION = YES;
				CLANG_WARN_INT_CONVERSION = YES;
				CLANG_WARN_NON_LITERAL_NULL_CONVERSION = YES;
				CLANG_WARN_OBJC_IMPLICIT_RETAIN_SELF = YES;
				CLANG_WARN_OBJC_LITERAL_CONVERSION = YES;
				CLANG_WARN_OBJC_ROOT_CLASS = YES_ERROR;
				CLANG_WARN_QUOTED_INCLUDE_IN_FRAMEWORK_HEADER = YES;
				CLANG_WARN_RANGE_LOOP_ANALYSIS = YES;
				CLANG_WARN_STRICT_PROTOTYPES = YES;
				CLANG_WARN_SUSPICIOUS_MOVE = YES;
				CLANG_WARN_UNGUARDED_AVAILABILITY = YES_AGGRESSIVE;
				CLANG_WARN_UNREACHABLE_CODE = YES;
				CLANG_WARN__DUPLICATE_METHOD_MATCH = YES;
				COPY_PHASE_STRIP = NO;
				DEBUG_INFORMATION_FORMAT = dwarf;
				ENABLE_STRICT_OBJC_MSGSEND = YES;
				ENABLE_TESTABILITY = YES;
				ENABLE_USER_SCRIPT_SANDBOXING = YES;
				GCC_C_LANGUAGE_STANDARD = gnu17;
				GCC_DYNAMIC_NO_PIC = NO;
				GCC_NO_COMMON_BLOCKS = YES;
				GCC_OPTIMIZATION_LEVEL = 0;
				GCC_PREPROCESSOR_DEFINITIONS = (
					"DEBUG=1",
					"$(inherited)",
				);
				GCC_WARN_64_TO_32_BIT_CONVERSION = YES;
				GCC_WARN_ABOUT_RETURN_TYPE = YES_ERROR;
				GCC_WARN_UNDECLARED_SELECTOR = YES;
				GCC_WARN_UNINITIALIZED_AUTOS = YES_AGGRESSIVE;
				GCC_WARN_UNUSED_FUNCTION = YES;
				GCC_WARN_UNUSED_VARIABLE = YES;
				IPHONEOS_DEPLOYMENT_TARGET = 17.5;
				LOCALIZATION_PREFERS_STRING_CATALOGS = YES;
				MTL_ENABLE_DEBUG_INFO = INCLUDE_SOURCE;
				MTL_FAST_MATH = YES;
				ONLY_ACTIVE_ARCH = YES;
				SDKROOT = iphoneos;
				SWIFT_ACTIVE_COMPILATION_CONDITIONS = "DEBUG $(inherited)";
				SWIFT_OPTIMIZATION_LEVEL = "-Onone";
			};
			name = Debug;
		};
		5AC85D8B2CBEA2C500C88486 /* Release */ = {
			isa = XCBuildConfiguration;
			buildSettings = {
				ALWAYS_SEARCH_USER_PATHS = NO;
				ASSETCATALOG_COMPILER_GENERATE_SWIFT_ASSET_SYMBOL_EXTENSIONS = YES;
				CLANG_ANALYZER_NONNULL = YES;
				CLANG_ANALYZER_NUMBER_OBJECT_CONVERSION = YES_AGGRESSIVE;
				CLANG_CXX_LANGUAGE_STANDARD = "gnu++20";
				CLANG_ENABLE_MODULES = YES;
				CLANG_ENABLE_OBJC_ARC = YES;
				CLANG_ENABLE_OBJC_WEAK = YES;
				CLANG_WARN_BLOCK_CAPTURE_AUTORELEASING = YES;
				CLANG_WARN_BOOL_CONVERSION = YES;
				CLANG_WARN_COMMA = YES;
				CLANG_WARN_CONSTANT_CONVERSION = YES;
				CLANG_WARN_DEPRECATED_OBJC_IMPLEMENTATIONS = YES;
				CLANG_WARN_DIRECT_OBJC_ISA_USAGE = YES_ERROR;
				CLANG_WARN_DOCUMENTATION_COMMENTS = YES;
				CLANG_WARN_EMPTY_BODY = YES;
				CLANG_WARN_ENUM_CONVERSION = YES;
				CLANG_WARN_INFINITE_RECURSION = YES;
				CLANG_WARN_INT_CONVERSION = YES;
				CLANG_WARN_NON_LITERAL_NULL_CONVERSION = YES;
				CLANG_WARN_OBJC_IMPLICIT_RETAIN_SELF = YES;
				CLANG_WARN_OBJC_LITERAL_CONVERSION = YES;
				CLANG_WARN_OBJC_ROOT_CLASS = YES_ERROR;
				CLANG_WARN_QUOTED_INCLUDE_IN_FRAMEWORK_HEADER = YES;
				CLANG_WARN_RANGE_LOOP_ANALYSIS = YES;
				CLANG_WARN_STRICT_PROTOTYPES = YES;
				CLANG_WARN_SUSPICIOUS_MOVE = YES;
				CLANG_WARN_UNGUARDED_AVAILABILITY = YES_AGGRESSIVE;
				CLANG_WARN_UNREACHABLE_CODE = YES;
				CLANG_WARN__DUPLICATE_METHOD_MATCH = YES;
				COPY_PHASE_STRIP = NO;
				DEBUG_INFORMATION_FORMAT = "dwarf-with-dsym";
				ENABLE_NS_ASSERTIONS = NO;
				ENABLE_STRICT_OBJC_MSGSEND = YES;
				ENABLE_USER_SCRIPT_SANDBOXING = YES;
				GCC_C_LANGUAGE_STANDARD = gnu17;
				GCC_NO_COMMON_BLOCKS = YES;
				GCC_WARN_64_TO_32_BIT_CONVERSION = YES;
				GCC_WARN_ABOUT_RETURN_TYPE = YES_ERROR;
				GCC_WARN_UNDECLARED_SELECTOR = YES;
				GCC_WARN_UNINITIALIZED_AUTOS = YES_AGGRESSIVE;
				GCC_WARN_UNUSED_FUNCTION = YES;
				GCC_WARN_UNUSED_VARIABLE = YES;
				IPHONEOS_DEPLOYMENT_TARGET = 17.5;
				LOCALIZATION_PREFERS_STRING_CATALOGS = YES;
				MTL_ENABLE_DEBUG_INFO = NO;
				MTL_FAST_MATH = YES;
				SDKROOT = iphoneos;
				SWIFT_COMPILATION_MODE = wholemodule;
				VALIDATE_PRODUCT = YES;
			};
			name = Release;
		};
		5AC85D8D2CBEA2C500C88486 /* Debug */ = {
			isa = XCBuildConfiguration;
			buildSettings = {
				ASSETCATALOG_COMPILER_APPICON_NAME = AppIcon;
				ASSETCATALOG_COMPILER_GLOBAL_ACCENT_COLOR_NAME = AccentColor;
				CLANG_ENABLE_MODULES = YES;
				CODE_SIGN_STYLE = Automatic;
				CURRENT_PROJECT_VERSION = 1;
				DEVELOPMENT_TEAM = 3FZAFPQ65P;
				GENERATE_INFOPLIST_FILE = YES;
				INFOPLIST_FILE = "gestionnaire-cellules/Info.plist";
				INFOPLIST_KEY_UIApplicationSupportsIndirectInputEvents = YES;
				INFOPLIST_KEY_UILaunchStoryboardName = LaunchScreen;
				INFOPLIST_KEY_UIMainStoryboardFile = Main;
				INFOPLIST_KEY_UISupportedInterfaceOrientations_iPad = "UIInterfaceOrientationPortrait UIInterfaceOrientationPortraitUpsideDown UIInterfaceOrientationLandscapeLeft UIInterfaceOrientationLandscapeRight";
				INFOPLIST_KEY_UISupportedInterfaceOrientations_iPhone = "UIInterfaceOrientationPortrait UIInterfaceOrientationLandscapeLeft UIInterfaceOrientationLandscapeRight";
				LD_RUNPATH_SEARCH_PATHS = (
					"$(inherited)",
					"@executable_path/Frameworks",
				);
				MARKETING_VERSION = 1.0;
				PRODUCT_BUNDLE_IDENTIFIER = "tp4.gestionnaire-cellules";
				PRODUCT_NAME = "$(TARGET_NAME)";
				SWIFT_EMIT_LOC_STRINGS = YES;
				SWIFT_OBJC_BRIDGING_HEADER = "gestionnaire-cellules/gestionnaire-cellules-Bridging-Header.h";
				SWIFT_OPTIMIZATION_LEVEL = "-Onone";
				SWIFT_VERSION = 5.0;
				TARGETED_DEVICE_FAMILY = "1,2";
			};
			name = Debug;
		};
		5AC85D8E2CBEA2C500C88486 /* Release */ = {
			isa = XCBuildConfiguration;
			buildSettings = {
				ASSETCATALOG_COMPILER_APPICON_NAME = AppIcon;
				ASSETCATALOG_COMPILER_GLOBAL_ACCENT_COLOR_NAME = AccentColor;
				CLANG_ENABLE_MODULES = YES;
				CODE_SIGN_STYLE = Automatic;
				CURRENT_PROJECT_VERSION = 1;
				DEVELOPMENT_TEAM = 3FZAFPQ65P;
				GENERATE_INFOPLIST_FILE = YES;
				INFOPLIST_FILE = "gestionnaire-cellules/Info.plist";
				INFOPLIST_KEY_UIApplicationSupportsIndirectInputEvents = YES;
				INFOPLIST_KEY_UILaunchStoryboardName = LaunchScreen;
				INFOPLIST_KEY_UIMainStoryboardFile = Main;
				INFOPLIST_KEY_UISupportedInterfaceOrientations_iPad = "UIInterfaceOrientationPortrait UIInterfaceOrientationPortraitUpsideDown UIInterfaceOrientationLandscapeLeft UIInterfaceOrientationLandscapeRight";
				INFOPLIST_KEY_UISupportedInterfaceOrientations_iPhone = "UIInterfaceOrientationPortrait UIInterfaceOrientationLandscapeLeft UIInterfaceOrientationLandscapeRight";
				LD_RUNPATH_SEARCH_PATHS = (
					"$(inherited)",
					"@executable_path/Frameworks",
				);
				MARKETING_VERSION = 1.0;
				PRODUCT_BUNDLE_IDENTIFIER = "tp4.gestionnaire-cellules";
				PRODUCT_NAME = "$(TARGET_NAME)";
				SWIFT_EMIT_LOC_STRINGS = YES;
				SWIFT_OBJC_BRIDGING_HEADER = "gestionnaire-cellules/gestionnaire-cellules-Bridging-Header.h";
				SWIFT_VERSION = 5.0;
				TARGETED_DEVICE_FAMILY = "1,2";
			};
			name = Release;
		};
		5AC85D902CBEA2C500C88486 /* Debug */ = {
			isa = XCBuildConfiguration;
			buildSettings = {
				ALWAYS_EMBED_SWIFT_STANDARD_LIBRARIES = YES;
				BUNDLE_LOADER = "$(TEST_HOST)";
				CODE_SIGN_STYLE = Automatic;
				CURRENT_PROJECT_VERSION = 1;
				DEVELOPMENT_TEAM = 3FZAFPQ65P;
				GENERATE_INFOPLIST_FILE = YES;
				IPHONEOS_DEPLOYMENT_TARGET = 17.5;
				MARKETING_VERSION = 1.0;
				PRODUCT_BUNDLE_IDENTIFIER = "tp4.gestionnaire-cellulesTests";
				PRODUCT_NAME = "$(TARGET_NAME)";
				SWIFT_EMIT_LOC_STRINGS = NO;
				SWIFT_VERSION = 5.0;
				TARGETED_DEVICE_FAMILY = "1,2";
				TEST_HOST = "$(BUILT_PRODUCTS_DIR)/gestionnaire-cellules.app/$(BUNDLE_EXECUTABLE_FOLDER_PATH)/gestionnaire-cellules";
			};
			name = Debug;
		};
		5AC85D912CBEA2C500C88486 /* Release */ = {
			isa = XCBuildConfiguration;
			buildSettings = {
				ALWAYS_EMBED_SWIFT_STANDARD_LIBRARIES = YES;
				BUNDLE_LOADER = "$(TEST_HOST)";
				CODE_SIGN_STYLE = Automatic;
				CURRENT_PROJECT_VERSION = 1;
				DEVELOPMENT_TEAM = 3FZAFPQ65P;
				GENERATE_INFOPLIST_FILE = YES;
				IPHONEOS_DEPLOYMENT_TARGET = 17.5;
				MARKETING_VERSION = 1.0;
				PRODUCT_BUNDLE_IDENTIFIER = "tp4.gestionnaire-cellulesTests";
				PRODUCT_NAME = "$(TARGET_NAME)";
				SWIFT_EMIT_LOC_STRINGS = NO;
				SWIFT_VERSION = 5.0;
				TARGETED_DEVICE_FAMILY = "1,2";
				TEST_HOST = "$(BUILT_PRODUCTS_DIR)/gestionnaire-cellules.app/$(BUNDLE_EXECUTABLE_FOLDER_PATH)/gestionnaire-cellules";
			};
			name = Release;
		};
		5AC85D932CBEA2C500C88486 /* Debug */ = {
			isa = XCBuildConfiguration;
			buildSettings = {
				ALWAYS_EMBED_SWIFT_STANDARD_LIBRARIES = YES;
				CODE_SIGN_STYLE = Automatic;
				CURRENT_PROJECT_VERSION = 1;
				DEVELOPMENT_TEAM = 3FZAFPQ65P;
				GENERATE_INFOPLIST_FILE = YES;
				MARKETING_VERSION = 1.0;
				PRODUCT_BUNDLE_IDENTIFIER = "tp4.gestionnaire-cellulesUITests";
				PRODUCT_NAME = "$(TARGET_NAME)";
				SWIFT_EMIT_LOC_STRINGS = NO;
				SWIFT_VERSION = 5.0;
				TARGETED_DEVICE_FAMILY = "1,2";
				TEST_TARGET_NAME = "gestionnaire-cellules";
			};
			name = Debug;
		};
		5AC85D942CBEA2C500C88486 /* Release */ = {
			isa = XCBuildConfiguration;
			buildSettings = {
				ALWAYS_EMBED_SWIFT_STANDARD_LIBRARIES = YES;
				CODE_SIGN_STYLE = Automatic;
				CURRENT_PROJECT_VERSION = 1;
				DEVELOPMENT_TEAM = 3FZAFPQ65P;
				GENERATE_INFOPLIST_FILE = YES;
				MARKETING_VERSION = 1.0;
				PRODUCT_BUNDLE_IDENTIFIER = "tp4.gestionnaire-cellulesUITests";
				PRODUCT_NAME = "$(TARGET_NAME)";
				SWIFT_EMIT_LOC_STRINGS = NO;
				SWIFT_VERSION = 5.0;
				TARGETED_DEVICE_FAMILY = "1,2";
				TEST_TARGET_NAME = "gestionnaire-cellules";
			};
			name = Release;
		};
/* End XCBuildConfiguration section */

/* Begin XCConfigurationList section */
		5AC85D5D2CBEA2C400C88486 /* Build configuration list for PBXProject "gestionnaire-cellules" */ = {
			isa = XCConfigurationList;
			buildConfigurations = (
				5AC85D8A2CBEA2C500C88486 /* Debug */,
				5AC85D8B2CBEA2C500C88486 /* Release */,
			);
			defaultConfigurationIsVisible = 0;
			defaultConfigurationName = Release;
		};
		5AC85D8C2CBEA2C500C88486 /* Build configuration list for PBXNativeTarget "gestionnaire-cellules" */ = {
			isa = XCConfigurationList;
			buildConfigurations = (
				5AC85D8D2CBEA2C500C88486 /* Debug */,
				5AC85D8E2CBEA2C500C88486 /* Release */,
			);
			defaultConfigurationIsVisible = 0;
			defaultConfigurationName = Release;
		};
		5AC85D8F2CBEA2C500C88486 /* Build configuration list for PBXNativeTarget "gestionnaire-cellulesTests" */ = {
			isa = XCConfigurationList;
			buildConfigurations = (
				5AC85D902CBEA2C500C88486 /* Debug */,
				5AC85D912CBEA2C500C88486 /* Release */,
			);
			defaultConfigurationIsVisible = 0;
			defaultConfigurationName = Release;
		};
		5AC85D922CBEA2C500C88486 /* Build configuration list for PBXNativeTarget "gestionnaire-cellulesUITests" */ = {
			isa = XCConfigurationList;
			buildConfigurations = (
				5AC85D932CBEA2C500C88486 /* Debug */,
				5AC85D942CBEA2C500C88486 /* Release */,
			);
			defaultConfigurationIsVisible = 0;
			defaultConfigurationName = Release;
		};
/* End XCConfigurationList section */
	};
	rootObject = 5AC85D5A2CBEA2C400C88486 /* Project object */;
}
